
Microsoft Visual Studio Solution File, Format Version 12.00
# Visual Studio Version 16
VisualStudioVersion = 16.0.29503.13
MinimumVisualStudioVersion = 10.0.40219.1
Project("{FAE04EC0-301F-11D3-BF4B-00C04F79EFBC}") = "ClassLibrary1aPPPROGRAMACIONCAPAS", "ClassLibrary1aPPPROGRAMACIONCAPAS\ClassLibrary1aPPPROGRAMACIONCAPAS.csproj", "{3B84814B-64E6-400A-BDDB-250CD998746A}"
EndProject
Project("{FAE04EC0-301F-11D3-BF4B-00C04F79EFBC}") = "AppIUwin", "AppIUwin\AppIUwin.csproj", "{722DD2DF-31C6-44C0-8E3A-F14B20BBFC4F}"
EndProject
Project("{FAE04EC0-301F-11D3-BF4B-00C04F79EFBC}") = "AppPruebaFactorial", "AppPruebaFactorial\AppPruebaFactorial.csproj", "{125B182D-D5BC-4F00-A55D-486A8FC266F9}"
EndProject
Global
	GlobalSection(SolutionConfigurationPlatforms) = preSolution
		Debug|Any CPU = Debug|Any CPU
		Release|Any CPU = Release|Any CPU
	EndGlobalSection
	GlobalSection(ProjectConfigurationPlatforms) = postSolution
		{3B84814B-64E6-400A-BDDB-250CD998746A}.Debug|Any CPU.ActiveCfg = Debug|Any CPU
		{3B84814B-64E6-400A-BDDB-250CD998746A}.Debug|Any CPU.Build.0 = Debug|Any CPU
		{3B84814B-64E6-400A-BDDB-250CD998746A}.Release|Any CPU.ActiveCfg = Release|Any CPU
		{3B84814B-64E6-400A-BDDB-250CD998746A}.Release|Any CPU.Build.0 = Release|Any CPU
		{722DD2DF-31C6-44C0-8E3A-F14B20BBFC4F}.Debug|Any CPU.ActiveCfg = Debug|Any CPU
		{722DD2DF-31C6-44C0-8E3A-F14B20BBFC4F}.Debug|Any CPU.Build.0 = Debug|Any CPU
		{722DD2DF-31C6-44C0-8E3A-F14B20BBFC4F}.Release|Any CPU.ActiveCfg = Release|Any CPU
		{722DD2DF-31C6-44C0-8E3A-F14B20BBFC4F}.Release|Any CPU.Build.0 = Release|Any CPU
		{125B182D-D5BC-4F00-A55D-486A8FC266F9}.Debug|Any CPU.ActiveCfg = Debug|Any CPU
		{125B182D-D5BC-4F00-A55D-486A8FC266F9}.Debug|Any CPU.Build.0 = Debug|Any CPU
		{125B182D-D5BC-4F00-A55D-486A8FC266F9}.Release|Any CPU.ActiveCfg = Release|Any CPU
		{125B182D-D5BC-4F00-A55D-486A8FC266F9}.Release|Any CPU.Build.0 = Release|Any CPU
	EndGlobalSection
	GlobalSection(SolutionProperties) = preSolution
		HideSolutionNode = FALSE
	EndGlobalSection
	GlobalSection(ExtensibilityGlobals) = postSolution
		SolutionGuid = {29019893-BA7C-4BF9-8CCA-8F110485DD87}
	EndGlobalSection
EndGlobal
